
Microsoft Visual Studio Solution File, Format Version 12.00
# Visual Studio Version 16
VisualStudioVersion = 16.0.32407.337
MinimumVisualStudioVersion = 10.0.40219.1
Project("{FAE04EC0-301F-11D3-BF4B-00C04F79EFBC}") = "LVS_kurs", "LVS_kurs\LVS_kurs.csproj", "{668B80EE-0511-4709-A7EA-AE8380DB993B}"
EndProject
Global
	GlobalSection(SolutionConfigurationPlatforms) = preSolution
		Debug|Any CPU = Debug|Any CPU
		Release|Any CPU = Release|Any CPU
	EndGlobalSection
	GlobalSection(ProjectConfigurationPlatforms) = postSolution
		{668B80EE-0511-4709-A7EA-AE8380DB993B}.Debug|Any CPU.ActiveCfg = Debug|Any CPU
		{668B80EE-0511-4709-A7EA-AE8380DB993B}.Debug|Any CPU.Build.0 = Debug|Any CPU
		{668B80EE-0511-4709-A7EA-AE8380DB993B}.Release|Any CPU.ActiveCfg = Release|Any CPU
		{668B80EE-0511-4709-A7EA-AE8380DB993B}.Release|Any CPU.Build.0 = Release|Any CPU
	EndGlobalSection
	GlobalSection(SolutionProperties) = preSolution
		HideSolutionNode = FALSE
	EndGlobalSection
	GlobalSection(ExtensibilityGlobals) = postSolution
		SolutionGuid = {89A6FE83-DF49-4CBA-AD42-96F28B989BE9}
	EndGlobalSection
EndGlobal
